{
  "name": "trajectories",
  "version": "1.0.0",
  "lockfileVersion": 1,
  "requires": true,
  "dependencies": {
    "lu-decomposition": {
      "version": "git+https://github.com/PeterTadich/lu-decomposition.git#a6bc38ae21b67aa967ac20723061a33bc2d4cc98",
      "requires": {
        "matrix-computations": "git+https://github.com/PeterTadich/matrix-computations.git#331f4b46b59b2dc761ce4f4a2c05c662d1e0150c"
      }
    },
    "matrix-computations": {
      "version": "git+https://github.com/PeterTadich/matrix-computations.git#331f4b46b59b2dc761ce4f4a2c05c662d1e0150c"
    }
  }
}
